
Microsoft Visual Studio Solution File, Format Version 12.00
# Visual Studio Version 17
VisualStudioVersion = 17.3.32922.545
MinimumVisualStudioVersion = 10.0.40219.1
Project("{FAE04EC0-301F-11D3-BF4B-00C04F79EFBC}") = "GAA3MSWeb", "GAA3MSWeb\GAA3MSWeb.csproj", "{20DA4DC0-EC3E-470C-B0DD-52BBE22C0483}"
EndProject
Global
	GlobalSection(SolutionConfigurationPlatforms) = preSolution
		Debug|Any CPU = Debug|Any CPU
		Release|Any CPU = Release|Any CPU
	EndGlobalSection
	GlobalSection(ProjectConfigurationPlatforms) = postSolution
		{20DA4DC0-EC3E-470C-B0DD-52BBE22C0483}.Debug|Any CPU.ActiveCfg = Debug|Any CPU
		{20DA4DC0-EC3E-470C-B0DD-52BBE22C0483}.Debug|Any CPU.Build.0 = Debug|Any CPU
		{20DA4DC0-EC3E-470C-B0DD-52BBE22C0483}.Release|Any CPU.ActiveCfg = Release|Any CPU
		{20DA4DC0-EC3E-470C-B0DD-52BBE22C0483}.Release|Any CPU.Build.0 = Release|Any CPU
	EndGlobalSection
	GlobalSection(SolutionProperties) = preSolution
		HideSolutionNode = FALSE
	EndGlobalSection
	GlobalSection(ExtensibilityGlobals) = postSolution
		SolutionGuid = {A9520E3C-FB4B-417B-82A2-56E646697628}
	EndGlobalSection
EndGlobal
